# This file is automatically @generated by Cargo.
# It is not intended for manual editing.
version = 4

[[package]]
name = "anyhow"
version = "1.0.102"
source = "registry+https://github.com/rust-lang/crates.io-index"
checksum = "7f202df86484c868dbad7eaa557ef785d5c66295e41b460ef922eca0723b842c"

[[package]]
name = "bytes"
version = "1.11.1"
source = "registry+https://github.com/rust-lang/crates.io-index"
checksum = "1e748733b7cbc798e1434b6ac524f0c1ff2ab456fe201501e6497c8417a4fc33"

[[package]]
name = "dump-envelope"
version = "0.0.0"
dependencies = [
 "protowire-envelope",
 "protowire-pb",
]

[[package]]
name = "either"
version = "1.15.0"
source = "registry+https://github.com/rust-lang/crates.io-index"
checksum = "48c757948c5ede0e46177b7add2e67155f70e33c07fea8284df6576da70b3719"

[[package]]
name = "itertools"
version = "0.14.0"
source = "registry+https://github.com/rust-lang/crates.io-index"
checksum = "2b192c782037fadd9cfa75548310488aabdbf3d2da73885b31bd0abd03351285"
dependencies = [
 "either",
]

[[package]]
name = "memchr"
version = "2.8.0"
source = "registry+https://github.com/rust-lang/crates.io-index"
checksum = "f8ca58f447f06ed17d5fc4043ce1b10dd205e060fb3ce5b979b8ed8e59ff3f79"

[[package]]
name = "once_cell"
version = "1.21.4"
source = "registry+https://github.com/rust-lang/crates.io-index"
checksum = "9f7c3e4beb33f85d45ae3e3a1792185706c8e16d043238c593331cc7cd313b50"

[[package]]
name = "proc-macro2"
version = "1.0.106"
source = "registry+https://github.com/rust-lang/crates.io-index"
checksum = "8fd00f0bb2e90d81d1044c2b32617f68fcb9fa3bb7640c23e9c748e53fb30934"
dependencies = [
 "unicode-ident",
]

[[package]]
name = "prost"
version = "0.13.5"
source = "registry+https://github.com/rust-lang/crates.io-index"
checksum = "2796faa41db3ec313a31f7624d9286acf277b52de526150b7e69f3debf891ee5"
dependencies = [
 "bytes",
 "prost-derive",
]

[[package]]
name = "prost-derive"
version = "0.13.5"
source = "registry+https://github.com/rust-lang/crates.io-index"
checksum = "8a56d757972c98b346a9b766e3f02746cde6dd1cd1d1d563472929fdd74bec4d"
dependencies = [
 "anyhow",
 "itertools",
 "proc-macro2",
 "quote",
 "syn",
]

[[package]]
name = "prost-reflect"
version = "0.14.7"
source = "registry+https://github.com/rust-lang/crates.io-index"
checksum = "7b5edd582b62f5cde844716e66d92565d7faf7ab1445c8cebce6e00fba83ddb2"
dependencies = [
 "once_cell",
 "prost",
 "prost-types",
]

[[package]]
name = "prost-types"
version = "0.13.5"
source = "registry+https://github.com/rust-lang/crates.io-index"
checksum = "52c2c1bf36ddb1a1c396b3601a3cec27c2462e45f07c386894ec3ccf5332bd16"
dependencies = [
 "prost",
]

[[package]]
name = "protowire"
version = "0.0.0"
dependencies = [
 "protowire-envelope",
 "protowire-pb",
 "protowire-pxf",
 "protowire-sbe",
]

[[package]]
name = "protowire-cli"
version = "0.0.0"
dependencies = [
 "bytes",
 "prost",
 "prost-reflect",
 "protowire-pxf",
]

[[package]]
name = "protowire-envelope"
version = "0.0.0"
dependencies = [
 "protowire-pb",
 "thiserror",
]

[[package]]
name = "protowire-pb"
version = "0.0.0"
dependencies = [
 "bytes",
 "thiserror",
]

[[package]]
name = "protowire-pxf"
version = "0.0.0"
dependencies = [
 "bytes",
 "prost",
 "prost-reflect",
 "prost-types",
 "thiserror",
]

[[package]]
name = "protowire-sbe"
version = "0.0.0"
dependencies = [
 "prost",
 "prost-reflect",
 "prost-types",
 "quick-xml",
 "thiserror",
]

[[package]]
name = "quick-xml"
version = "0.36.2"
source = "registry+https://github.com/rust-lang/crates.io-index"
checksum = "f7649a7b4df05aed9ea7ec6f628c67c9953a43869b8bc50929569b2999d443fe"
dependencies = [
 "memchr",
]

[[package]]
name = "quote"
version = "1.0.45"
source = "registry+https://github.com/rust-lang/crates.io-index"
checksum = "41f2619966050689382d2b44f664f4bc593e129785a36d6ee376ddf37259b924"
dependencies = [
 "proc-macro2",
]

[[package]]
name = "syn"
version = "2.0.117"
source = "registry+https://github.com/rust-lang/crates.io-index"
checksum = "e665b8803e7b1d2a727f4023456bbbbe74da67099c585258af0ad9c5013b9b99"
dependencies = [
 "proc-macro2",
 "quote",
 "unicode-ident",
]

[[package]]
name = "thiserror"
version = "1.0.69"
source = "registry+https://github.com/rust-lang/crates.io-index"
checksum = "b6aaf5339b578ea85b50e080feb250a3e8ae8cfcdff9a461c9ec2904bc923f52"
dependencies = [
 "thiserror-impl",
]

[[package]]
name = "thiserror-impl"
version = "1.0.69"
source = "registry+https://github.com/rust-lang/crates.io-index"
checksum = "4fee6c4efc90059e10f81e6d42c60a18f76588c3d74cb83a0b242a2b6c7504c1"
dependencies = [
 "proc-macro2",
 "quote",
 "syn",
]

[[package]]
name = "unicode-ident"
version = "1.0.24"
source = "registry+https://github.com/rust-lang/crates.io-index"
checksum = "e6e4313cd5fcd3dad5cafa179702e2b244f760991f45397d14d4ebf38247da75"
